PODS:
  - FLEX (2.1.1)
  - JRSwizzle (1.0)
  - libextobjc/EXTScope (0.4.1):
    - libextobjc/RuntimeExtensions
  - libextobjc/RuntimeExtensions (0.4.1)
  - M9Dev (0.0.30):
    - JRSwizzle
    - libextobjc/EXTScope
    - M9Dev/Libraries (= 0.0.30)
    - M9Dev/M9Dev (= 0.0.30)
    - Masonry
    - NSString-UrlEncode
    - Reachability
  - M9Dev/Libraries (0.0.30):
    - JRSwizzle
    - libextobjc/EXTScope
    - M9Dev/Libraries/BlocksKit (= 0.0.30)
    - Masonry
    - NSString-UrlEncode
    - Reachability
  - M9Dev/Libraries/BlocksKit (0.0.30):
    - JRSwizzle
    - libextobjc/EXTScope
    - Masonry
    - NSString-UrlEncode
    - Reachability
  - M9Dev/M9Dev (0.0.30):
    - JRSwizzle
    - libextobjc/EXTScope
    - M9Dev/Libraries
    - Masonry
    - NSString-UrlEncode
    - Reachability
  - Masonry (1.0.2)
  - MBProgressHUD (1.0.0)
  - NBKit (0.0.14):
    - M9Dev (~> 0.0)
    - Masonry
    - MBProgressHUD
    - SDWebImage
    - YYModel
  - NSString-UrlEncode (2.1.0)
  - Reachability (3.2)
  - SDWebImage (4.0.0):
    - SDWebImage/Core (= 4.0.0)
  - SDWebImage/Core (4.0.0)
  - YYModel (1.0.4)

DEPENDENCIES:
  - FLEX
  - M9Dev (from `https://github.com/iwill/M9Dev.git`, branch `public`)
  - NBKit (from `./`)

EXTERNAL SOURCES:
  M9Dev:
    :branch: public
    :git: https://github.com/iwill/M9Dev.git
  NBKit:
    :path: "./"

CHECKOUT OPTIONS:
  M9Dev:
    :commit: 7fd99fecbeaa6156495a047486a3f52fb176ea35
    :git: https://github.com/iwill/M9Dev.git

SPEC CHECKSUMS:
  FLEX: 27b768fcae23a313a1eb115076d429180ca9b472
  JRSwizzle: dd5ead5d913a0f29e7f558200165849f006bb1e3
  libextobjc: a650fc1bf489a3d3a9bc2e621efa3e1006fc5471
  M9Dev: 56d9ab1b80a96ae08325c168a9c4023674922993
  Masonry: 7c429b56da9d4ee0bbb3ed77a5ea710d6a5df39e
  MBProgressHUD: 4890f671c94e8a0f3cf959aa731e9de2f036d71a
  NBKit: b582ec1e669a165ef96a7769829bb5ef54853fff
  NSString-UrlEncode: 92dcb01cac33ef036cda76baf0e4378b18779e47
  Reachability: 33e18b67625424e47b6cde6d202dce689ad7af96
  SDWebImage: 76a6348bdc74eb5a55dd08a091ef298e56b55e41
  YYModel: 2a7fdd96aaa4b86a824e26d0c517de8928c04b30

PODFILE CHECKSUM: e3f4203000668a2f209e80d5fe1bc1915c4bcd0d

COCOAPODS: 1.2.1
