PODS:
  - FLEX (2.1.1)
  - JRSwizzle (1.0)
  - libextobjc/EXTScope (0.4.1):
    - libextobjc/RuntimeExtensions
  - libextobjc/RuntimeExtensions (0.4.1)
  - M9Dev (0.0.15):
    - JRSwizzle
    - libextobjc/EXTScope
    - M9Dev/Libraries (= 0.0.15)
    - M9Dev/M9Dev (= 0.0.15)
    - Masonry
    - NSString-UrlEncode
    - Reachability
  - M9Dev/Libraries (0.0.15):
    - JRSwizzle
    - libextobjc/EXTScope
    - M9Dev/Libraries/BlocksKit (= 0.0.15)
    - M9Dev/Libraries/CompareToVersion (= 0.0.15)
    - Masonry
    - NSString-UrlEncode
    - Reachability
  - M9Dev/Libraries/BlocksKit (0.0.15):
    - JRSwizzle
    - libextobjc/EXTScope
    - Masonry
    - NSString-UrlEncode
    - Reachability
  - M9Dev/Libraries/CompareToVersion (0.0.15):
    - JRSwizzle
    - libextobjc/EXTScope
    - Masonry
    - NSString-UrlEncode
    - Reachability
  - M9Dev/M9Dev (0.0.15):
    - JRSwizzle
    - libextobjc/EXTScope
    - M9Dev/Libraries
    - Masonry
    - NSString-UrlEncode
    - Reachability
  - Masonry (1.0.1)
  - MBProgressHUD (1.0.0)
  - NBKit (0.0.4):
    - M9Dev
    - Masonry
    - MBProgressHUD
    - SDWebImage
    - YYModel
  - NSString-UrlEncode (2.1.0)
  - Reachability (3.2)
  - SDWebImage (3.8.1):
    - SDWebImage/Core (= 3.8.1)
  - SDWebImage/Core (3.8.1)
  - YYModel (1.0.4)

DEPENDENCIES:
  - FLEX
  - M9Dev (from `https://github.com/iwill/M9Dev.git`, branch `public`)
  - NBKit (from `./`)

EXTERNAL SOURCES:
  M9Dev:
    :branch: public
    :git: https://github.com/iwill/M9Dev.git
  NBKit:
    :path: "./"

CHECKOUT OPTIONS:
  M9Dev:
    :commit: 270c3935d988e9b28eba2ed461262c2cc8519ad8
    :git: https://github.com/iwill/M9Dev.git

SPEC CHECKSUMS:
  FLEX: 27b768fcae23a313a1eb115076d429180ca9b472
  JRSwizzle: dd5ead5d913a0f29e7f558200165849f006bb1e3
  libextobjc: a650fc1bf489a3d3a9bc2e621efa3e1006fc5471
  M9Dev: e7b77ff06599ab34a31073b224d466347413a111
  Masonry: a1a931a0d08870ed8ae415a2ea5ea68ebcac77df
  MBProgressHUD: 4890f671c94e8a0f3cf959aa731e9de2f036d71a
  NBKit: 4d0578018ab4058e4ab3a67561def8605a910058
  NSString-UrlEncode: 92dcb01cac33ef036cda76baf0e4378b18779e47
  Reachability: 33e18b67625424e47b6cde6d202dce689ad7af96
  SDWebImage: 35f9627a3e44b4f292a8a8ce6a531fa488239b91
  YYModel: 2a7fdd96aaa4b86a824e26d0c517de8928c04b30

PODFILE CHECKSUM: e3f4203000668a2f209e80d5fe1bc1915c4bcd0d

COCOAPODS: 1.0.1
